// !$*UTF8*$!
{
	archiveVersion = 1;
	classes = {
	};
	objectVersion = 51;
	objects = {

/* Begin PBXBuildFile section */
		688FD23829B814245DA25463 /* Pods_EHealthTests.framework in Frameworks */ = {isa = PBXBuildFile; fileRef = FCA7EC38B63FA96F376A0151 /* Pods_EHealthTests.framework */; };
		7D7457DF01D16319DC96E608 /* Pods_EHealth.framework in Frameworks */ = {isa = PBXBuildFile; fileRef = 2EBFD98C3607B2441F074C95 /* Pods_EHealth.framework */; };
		FCA704222433651C000B4454 /* AppDelegate.swift in Sources */ = {isa = PBXBuildFile; fileRef = FCA704212433651C000B4454 /* AppDelegate.swift */; };
		FCA704242433651C000B4454 /* SceneDelegate.swift in Sources */ = {isa = PBXBuildFile; fileRef = FCA704232433651C000B4454 /* SceneDelegate.swift */; };
		FCA704292433651C000B4454 /* Main.storyboard in Resources */ = {isa = PBXBuildFile; fileRef = FCA704272433651C000B4454 /* Main.storyboard */; };
		FCA7042B24336520000B4454 /* Assets.xcassets in Resources */ = {isa = PBXBuildFile; fileRef = FCA7042A24336520000B4454 /* Assets.xcassets */; };
		FCA7042E24336520000B4454 /* LaunchScreen.storyboard in Resources */ = {isa = PBXBuildFile; fileRef = FCA7042C24336520000B4454 /* LaunchScreen.storyboard */; };
		FCA7043924336520000B4454 /* EHealthTests.swift in Sources */ = {isa = PBXBuildFile; fileRef = FCA7043824336520000B4454 /* EHealthTests.swift */; };
		FCA7044624336651000B4454 /* LoginController.swift in Sources */ = {isa = PBXBuildFile; fileRef = FCA7044524336651000B4454 /* LoginController.swift */; };
		FCA7044C24336918000B4454 /* BaseUI.swift in Sources */ = {isa = PBXBuildFile; fileRef = FCA7044B24336918000B4454 /* BaseUI.swift */; };
		FCA7045424336D24000B4454 /* Oswald-Bold.ttf in Resources */ = {isa = PBXBuildFile; fileRef = FCA7044F24336D20000B4454 /* Oswald-Bold.ttf */; };
		FCA7045524336D24000B4454 /* Oswald-ExtraLight.ttf in Resources */ = {isa = PBXBuildFile; fileRef = FCA7045024336D20000B4454 /* Oswald-ExtraLight.ttf */; };
		FCA7045624336D24000B4454 /* Oswald-Light.ttf in Resources */ = {isa = PBXBuildFile; fileRef = FCA7044E24336D1F000B4454 /* Oswald-Light.ttf */; };
		FCA7045724336D24000B4454 /* Oswald-Medium.ttf in Resources */ = {isa = PBXBuildFile; fileRef = FCA7045124336D20000B4454 /* Oswald-Medium.ttf */; };
		FCA7045824336D24000B4454 /* Oswald-Regular.ttf in Resources */ = {isa = PBXBuildFile; fileRef = FCA7045224336D20000B4454 /* Oswald-Regular.ttf */; };
		FCA7045924336D24000B4454 /* Oswald-SemiBold.ttf in Resources */ = {isa = PBXBuildFile; fileRef = FCA7045324336D20000B4454 /* Oswald-SemiBold.ttf */; };
		FCA7045B2433719E000B4454 /* UnderlinedField.swift in Sources */ = {isa = PBXBuildFile; fileRef = FCA7045A2433719E000B4454 /* UnderlinedField.swift */; };
		FCA7045D24337979000B4454 /* UIImage+Scale.swift in Sources */ = {isa = PBXBuildFile; fileRef = FCA7045C24337979000B4454 /* UIImage+Scale.swift */; };
		FCA7045F24337ECB000B4454 /* UIViewController+HideKeyboard.swift in Sources */ = {isa = PBXBuildFile; fileRef = FCA7045E24337ECB000B4454 /* UIViewController+HideKeyboard.swift */; };
		FCA7046124338104000B4454 /* DoctorHomeController.swift in Sources */ = {isa = PBXBuildFile; fileRef = FCA7046024338104000B4454 /* DoctorHomeController.swift */; };
/* End PBXBuildFile section */

/* Begin PBXContainerItemProxy section */
		FCA7043524336520000B4454 /* PBXContainerItemProxy */ = {
			isa = PBXContainerItemProxy;
			containerPortal = FCA704162433651C000B4454 /* Project object */;
			proxyType = 1;
			remoteGlobalIDString = FCA7041D2433651C000B4454;
			remoteInfo = EHealth;
		};
/* End PBXContainerItemProxy section */

/* Begin PBXFileReference section */
		2EBFD98C3607B2441F074C95 /* Pods_EHealth.framework */ = {isa = PBXFileReference; explicitFileType = wrapper.framework; includeInIndex = 0; path = Pods_EHealth.framework; sourceTree = BUILT_PRODUCTS_DIR; };
		5B2A1F86FEDC07D409206421 /* Pods-EHealth.debug.xcconfig */ = {isa = PBXFileReference; includeInIndex = 1; lastKnownFileType = text.xcconfig; name = "Pods-EHealth.debug.xcconfig"; path = "Target Support Files/Pods-EHealth/Pods-EHealth.debug.xcconfig"; sourceTree = "<group>"; };
		D9E7C4564FBA2C301E2E718E /* Pods-EHealth.release.xcconfig */ = {isa = PBXFileReference; includeInIndex = 1; lastKnownFileType = text.xcconfig; name = "Pods-EHealth.release.xcconfig"; path = "Target Support Files/Pods-EHealth/Pods-EHealth.release.xcconfig"; sourceTree = "<group>"; };
		DB4E2AF1F2E9E9FF95467F6C /* Pods-EHealthTests.debug.xcconfig */ = {isa = PBXFileReference; includeInIndex = 1; lastKnownFileType = text.xcconfig; name = "Pods-EHealthTests.debug.xcconfig"; path = "Target Support Files/Pods-EHealthTests/Pods-EHealthTests.debug.xcconfig"; sourceTree = "<group>"; };
		EC6470C94FE031EAC42D33E8 /* Pods-EHealthTests.release.xcconfig */ = {isa = PBXFileReference; includeInIndex = 1; lastKnownFileType = text.xcconfig; name = "Pods-EHealthTests.release.xcconfig"; path = "Target Support Files/Pods-EHealthTests/Pods-EHealthTests.release.xcconfig"; sourceTree = "<group>"; };
		FCA7041E2433651C000B4454 /* EHealth.app */ = {isa = PBXFileReference; explicitFileType = wrapper.application; includeInIndex = 0; path = EHealth.app; sourceTree = BUILT_PRODUCTS_DIR; };
		FCA704212433651C000B4454 /* AppDelegate.swift */ = {isa = PBXFileReference; lastKnownFileType = sourcecode.swift; path = AppDelegate.swift; sourceTree = "<group>"; };
		FCA704232433651C000B4454 /* SceneDelegate.swift */ = {isa = PBXFileReference; lastKnownFileType = sourcecode.swift; path = SceneDelegate.swift; sourceTree = "<group>"; };
		FCA704282433651C000B4454 /* Base */ = {isa = PBXFileReference; lastKnownFileType = file.storyboard; name = Base; path = Base.lproj/Main.storyboard; sourceTree = "<group>"; };
		FCA7042A24336520000B4454 /* Assets.xcassets */ = {isa = PBXFileReference; lastKnownFileType = folder.assetcatalog; path = Assets.xcassets; sourceTree = "<group>"; };
		FCA7042D24336520000B4454 /* Base */ = {isa = PBXFileReference; lastKnownFileType = file.storyboard; name = Base; path = Base.lproj/LaunchScreen.storyboard; sourceTree = "<group>"; };
		FCA7042F24336520000B4454 /* Info.plist */ = {isa = PBXFileReference; lastKnownFileType = text.plist.xml; path = Info.plist; sourceTree = "<group>"; };
		FCA7043424336520000B4454 /* EHealthTests.xctest */ = {isa = PBXFileReference; explicitFileType = wrapper.cfbundle; includeInIndex = 0; path = EHealthTests.xctest; sourceTree = BUILT_PRODUCTS_DIR; };
		FCA7043824336520000B4454 /* EHealthTests.swift */ = {isa = PBXFileReference; lastKnownFileType = sourcecode.swift; path = EHealthTests.swift; sourceTree = "<group>"; };
		FCA7043A24336520000B4454 /* Info.plist */ = {isa = PBXFileReference; lastKnownFileType = text.plist.xml; path = Info.plist; sourceTree = "<group>"; };
		FCA7044524336651000B4454 /* LoginController.swift */ = {isa = PBXFileReference; lastKnownFileType = sourcecode.swift; path = LoginController.swift; sourceTree = "<group>"; };
		FCA7044B24336918000B4454 /* BaseUI.swift */ = {isa = PBXFileReference; lastKnownFileType = sourcecode.swift; path = BaseUI.swift; sourceTree = "<group>"; };
		FCA7044E24336D1F000B4454 /* Oswald-Light.ttf */ = {isa = PBXFileReference; lastKnownFileType = file; path = "Oswald-Light.ttf"; sourceTree = "<group>"; };
		FCA7044F24336D20000B4454 /* Oswald-Bold.ttf */ = {isa = PBXFileReference; lastKnownFileType = file; path = "Oswald-Bold.ttf"; sourceTree = "<group>"; };
		FCA7045024336D20000B4454 /* Oswald-ExtraLight.ttf */ = {isa = PBXFileReference; lastKnownFileType = file; path = "Oswald-ExtraLight.ttf"; sourceTree = "<group>"; };
		FCA7045124336D20000B4454 /* Oswald-Medium.ttf */ = {isa = PBXFileReference; lastKnownFileType = file; path = "Oswald-Medium.ttf"; sourceTree = "<group>"; };
		FCA7045224336D20000B4454 /* Oswald-Regular.ttf */ = {isa = PBXFileReference; lastKnownFileType = file; path = "Oswald-Regular.ttf"; sourceTree = "<group>"; };
		FCA7045324336D20000B4454 /* Oswald-SemiBold.ttf */ = {isa = PBXFileReference; lastKnownFileType = file; path = "Oswald-SemiBold.ttf"; sourceTree = "<group>"; };
		FCA7045A2433719E000B4454 /* UnderlinedField.swift */ = {isa = PBXFileReference; lastKnownFileType = sourcecode.swift; path = UnderlinedField.swift; sourceTree = "<group>"; };
		FCA7045C24337979000B4454 /* UIImage+Scale.swift */ = {isa = PBXFileReference; lastKnownFileType = sourcecode.swift; path = "UIImage+Scale.swift"; sourceTree = "<group>"; };
		FCA7045E24337ECB000B4454 /* UIViewController+HideKeyboard.swift */ = {isa = PBXFileReference; lastKnownFileType = sourcecode.swift; path = "UIViewController+HideKeyboard.swift"; sourceTree = "<group>"; };
		FCA7046024338104000B4454 /* DoctorHomeController.swift */ = {isa = PBXFileReference; lastKnownFileType = sourcecode.swift; path = DoctorHomeController.swift; sourceTree = "<group>"; };
		FCA7EC38B63FA96F376A0151 /* Pods_EHealthTests.framework */ = {isa = PBXFileReference; explicitFileType = wrapper.framework; includeInIndex = 0; path = Pods_EHealthTests.framework; sourceTree = BUILT_PRODUCTS_DIR; };
/* End PBXFileReference section */

/* Begin PBXFrameworksBuildPhase section */
		FCA7041B2433651C000B4454 /* Frameworks */ = {
			isa = PBXFrameworksBuildPhase;
			buildActionMask = 2147483647;
			files = (
				7D7457DF01D16319DC96E608 /* Pods_EHealth.framework in Frameworks */,
			);
			runOnlyForDeploymentPostprocessing = 0;
		};
		FCA7043124336520000B4454 /* Frameworks */ = {
			isa = PBXFrameworksBuildPhase;
			buildActionMask = 2147483647;
			files = (
				688FD23829B814245DA25463 /* Pods_EHealthTests.framework in Frameworks */,
			);
			runOnlyForDeploymentPostprocessing = 0;
		};
/* End PBXFrameworksBuildPhase section */

/* Begin PBXGroup section */
		796138113B6E0FB6B252968C /* Frameworks */ = {
			isa = PBXGroup;
			children = (
				2EBFD98C3607B2441F074C95 /* Pods_EHealth.framework */,
				FCA7EC38B63FA96F376A0151 /* Pods_EHealthTests.framework */,
			);
			name = Frameworks;
			sourceTree = "<group>";
		};
		95588FEB3C91567E9FA2F69D /* Pods */ = {
			isa = PBXGroup;
			children = (
				5B2A1F86FEDC07D409206421 /* Pods-EHealth.debug.xcconfig */,
				D9E7C4564FBA2C301E2E718E /* Pods-EHealth.release.xcconfig */,
				DB4E2AF1F2E9E9FF95467F6C /* Pods-EHealthTests.debug.xcconfig */,
				EC6470C94FE031EAC42D33E8 /* Pods-EHealthTests.release.xcconfig */,
			);
			path = Pods;
			sourceTree = "<group>";
		};
		FCA704152433651C000B4454 = {
			isa = PBXGroup;
			children = (
				FCA704202433651C000B4454 /* EHealth */,
				FCA7043724336520000B4454 /* EHealthTests */,
				FCA7041F2433651C000B4454 /* Products */,
				95588FEB3C91567E9FA2F69D /* Pods */,
				796138113B6E0FB6B252968C /* Frameworks */,
			);
			sourceTree = "<group>";
		};
		FCA7041F2433651C000B4454 /* Products */ = {
			isa = PBXGroup;
			children = (
				FCA7041E2433651C000B4454 /* EHealth.app */,
				FCA7043424336520000B4454 /* EHealthTests.xctest */,
			);
			name = Products;
			sourceTree = "<group>";
		};
		FCA704202433651C000B4454 /* EHealth */ = {
			isa = PBXGroup;
			children = (
				FCA7044324336580000B4454 /* Application */,
				FCA704442433658D000B4454 /* Controllers */,
				FCA70447243368EC000B4454 /* Views */,
				FCA70448243368F3000B4454 /* Models */,
				FCA70449243368FF000B4454 /* Extensions */,
				FCA7044A24336905000B4454 /* Utilities */,
				FCA704272433651C000B4454 /* Main.storyboard */,
				FCA7042A24336520000B4454 /* Assets.xcassets */,
				FCA7042C24336520000B4454 /* LaunchScreen.storyboard */,
				FCA7042F24336520000B4454 /* Info.plist */,
				FCA7044D24336D0A000B4454 /* Fonts */,
			);
			path = EHealth;
			sourceTree = "<group>";
		};
		FCA7043724336520000B4454 /* EHealthTests */ = {
			isa = PBXGroup;
			children = (
				FCA7043824336520000B4454 /* EHealthTests.swift */,
				FCA7043A24336520000B4454 /* Info.plist */,
			);
			path = EHealthTests;
			sourceTree = "<group>";
		};
		FCA7044324336580000B4454 /* Application */ = {
			isa = PBXGroup;
			children = (
				FCA704212433651C000B4454 /* AppDelegate.swift */,
				FCA704232433651C000B4454 /* SceneDelegate.swift */,
			);
			path = Application;
			sourceTree = "<group>";
		};
		FCA704442433658D000B4454 /* Controllers */ = {
			isa = PBXGroup;
			children = (
				FCA7044524336651000B4454 /* LoginController.swift */,
				FCA7046024338104000B4454 /* DoctorHomeController.swift */,
			);
			path = Controllers;
			sourceTree = "<group>";
		};
		FCA70447243368EC000B4454 /* Views */ = {
			isa = PBXGroup;
			children = (
				FCA7044B24336918000B4454 /* BaseUI.swift */,
				FCA7045A2433719E000B4454 /* UnderlinedField.swift */,
			);
			path = Views;
			sourceTree = "<group>";
		};
		FCA70448243368F3000B4454 /* Models */ = {
			isa = PBXGroup;
			children = (
			);
			path = Models;
			sourceTree = "<group>";
		};
		FCA70449243368FF000B4454 /* Extensions */ = {
			isa = PBXGroup;
			children = (
				FCA7045C24337979000B4454 /* UIImage+Scale.swift */,
				FCA7045E24337ECB000B4454 /* UIViewController+HideKeyboard.swift */,
			);
			path = Extensions;
			sourceTree = "<group>";
		};
		FCA7044A24336905000B4454 /* Utilities */ = {
			isa = PBXGroup;
			children = (
			);
			path = Utilities;
			sourceTree = "<group>";
		};
		FCA7044D24336D0A000B4454 /* Fonts */ = {
			isa = PBXGroup;
			children = (
				FCA7044F24336D20000B4454 /* Oswald-Bold.ttf */,
				FCA7045024336D20000B4454 /* Oswald-ExtraLight.ttf */,
				FCA7044E24336D1F000B4454 /* Oswald-Light.ttf */,
				FCA7045124336D20000B4454 /* Oswald-Medium.ttf */,
				FCA7045224336D20000B4454 /* Oswald-Regular.ttf */,
				FCA7045324336D20000B4454 /* Oswald-SemiBold.ttf */,
			);
			path = Fonts;
			sourceTree = "<group>";
		};
/* End PBXGroup section */

/* Begin PBXNativeTarget section */
		FCA7041D2433651C000B4454 /* EHealth */ = {
			isa = PBXNativeTarget;
			buildConfigurationList = FCA7043D24336520000B4454 /* Build configuration list for PBXNativeTarget "EHealth" */;
			buildPhases = (
				7A383A34412CC911A415E659 /* [CP] Check Pods Manifest.lock */,
				FCA7041A2433651C000B4454 /* Sources */,
				FCA7041B2433651C000B4454 /* Frameworks */,
				FCA7041C2433651C000B4454 /* Resources */,
				96F218B5BFB923894E57ADEC /* [CP] Embed Pods Frameworks */,
			);
			buildRules = (
			);
			dependencies = (
			);
			name = EHealth;
			productName = EHealth;
			productReference = FCA7041E2433651C000B4454 /* EHealth.app */;
			productType = "com.apple.product-type.application";
		};
		FCA7043324336520000B4454 /* EHealthTests */ = {
			isa = PBXNativeTarget;
			buildConfigurationList = FCA7044024336520000B4454 /* Build configuration list for PBXNativeTarget "EHealthTests" */;
			buildPhases = (
				0BF39912C8023C1A237E5B18 /* [CP] Check Pods Manifest.lock */,
				FCA7043024336520000B4454 /* Sources */,
				FCA7043124336520000B4454 /* Frameworks */,
				FCA7043224336520000B4454 /* Resources */,
			);
			buildRules = (
			);
			dependencies = (
				FCA7043624336520000B4454 /* PBXTargetDependency */,
			);
			name = EHealthTests;
			productName = EHealthTests;
			productReference = FCA7043424336520000B4454 /* EHealthTests.xctest */;
			productType = "com.apple.product-type.bundle.unit-test";
		};
/* End PBXNativeTarget section */

/* Begin PBXProject section */
		FCA704162433651C000B4454 /* Project object */ = {
			isa = PBXProject;
			attributes = {
				LastSwiftUpdateCheck = 1120;
				LastUpgradeCheck = 1120;
				ORGANIZATIONNAME = "Jon McLean";
				TargetAttributes = {
					FCA7041D2433651C000B4454 = {
						CreatedOnToolsVersion = 11.2;
					};
					FCA7043324336520000B4454 = {
						CreatedOnToolsVersion = 11.2;
						TestTargetID = FCA7041D2433651C000B4454;
					};
				};
			};
			buildConfigurationList = FCA704192433651C000B4454 /* Build configuration list for PBXProject "EHealth" */;
			compatibilityVersion = "Xcode 9.3";
			developmentRegion = en;
			hasScannedForEncodings = 0;
			knownRegions = (
				en,
				Base,
			);
			mainGroup = FCA704152433651C000B4454;
			productRefGroup = FCA7041F2433651C000B4454 /* Products */;
			projectDirPath = "";
			projectRoot = "";
			targets = (
				FCA7041D2433651C000B4454 /* EHealth */,
				FCA7043324336520000B4454 /* EHealthTests */,
			);
		};
/* End PBXProject section */

/* Begin PBXResourcesBuildPhase section */
		FCA7041C2433651C000B4454 /* Resources */ = {
			isa = PBXResourcesBuildPhase;
			buildActionMask = 2147483647;
			files = (
				FCA7042E24336520000B4454 /* LaunchScreen.storyboard in Resources */,
				FCA7045524336D24000B4454 /* Oswald-ExtraLight.ttf in Resources */,
				FCA7042B24336520000B4454 /* Assets.xcassets in Resources */,
				FCA7045724336D24000B4454 /* Oswald-Medium.ttf in Resources */,
				FCA7045924336D24000B4454 /* Oswald-SemiBold.ttf in Resources */,
				FCA7045624336D24000B4454 /* Oswald-Light.ttf in Resources */,
				FCA704292433651C000B4454 /* Main.storyboard in Resources */,
				FCA7045424336D24000B4454 /* Oswald-Bold.ttf in Resources */,
				FCA7045824336D24000B4454 /* Oswald-Regular.ttf in Resources */,
			);
			runOnlyForDeploymentPostprocessing = 0;
		};
		FCA7043224336520000B4454 /* Resources */ = {
			isa = PBXResourcesBuildPhase;
			buildActionMask = 2147483647;
			files = (
			);
			runOnlyForDeploymentPostprocessing = 0;
		};
/* End PBXResourcesBuildPhase section */

/* Begin PBXShellScriptBuildPhase section */
		0BF39912C8023C1A237E5B18 /* [CP] Check Pods Manifest.lock */ = {
			isa = PBXShellScriptBuildPhase;
			buildActionMask = 2147483647;
			files = (
			);
			inputFileListPaths = (
			);
			inputPaths = (
				"${PODS_PODFILE_DIR_PATH}/Podfile.lock",
				"${PODS_ROOT}/Manifest.lock",
			);
			name = "[CP] Check Pods Manifest.lock";
			outputFileListPaths = (
			);
			outputPaths = (
				"$(DERIVED_FILE_DIR)/Pods-EHealthTests-checkManifestLockResult.txt",
			);
			runOnlyForDeploymentPostprocessing = 0;
			shellPath = /bin/sh;
			shellScript = "diff \"${PODS_PODFILE_DIR_PATH}/Podfile.lock\" \"${PODS_ROOT}/Manifest.lock\" > /dev/null\nif [ $? != 0 ] ; then\n    # print error to STDERR\n    echo \"error: The sandbox is not in sync with the Podfile.lock. Run 'pod install' or update your CocoaPods installation.\" >&2\n    exit 1\nfi\n# This output is used by Xcode 'outputs' to avoid re-running this script phase.\necho \"SUCCESS\" > \"${SCRIPT_OUTPUT_FILE_0}\"\n";
			showEnvVarsInLog = 0;
		};
		7A383A34412CC911A415E659 /* [CP] Check Pods Manifest.lock */ = {
			isa = PBXShellScriptBuildPhase;
			buildActionMask = 2147483647;
			files = (
			);
			inputFileListPaths = (
			);
			inputPaths = (
				"${PODS_PODFILE_DIR_PATH}/Podfile.lock",
				"${PODS_ROOT}/Manifest.lock",
			);
			name = "[CP] Check Pods Manifest.lock";
			outputFileListPaths = (
			);
			outputPaths = (
				"$(DERIVED_FILE_DIR)/Pods-EHealth-checkManifestLockResult.txt",
			);
			runOnlyForDeploymentPostprocessing = 0;
			shellPath = /bin/sh;
			shellScript = "diff \"${PODS_PODFILE_DIR_PATH}/Podfile.lock\" \"${PODS_ROOT}/Manifest.lock\" > /dev/null\nif [ $? != 0 ] ; then\n    # print error to STDERR\n    echo \"error: The sandbox is not in sync with the Podfile.lock. Run 'pod install' or update your CocoaPods installation.\" >&2\n    exit 1\nfi\n# This output is used by Xcode 'outputs' to avoid re-running this script phase.\necho \"SUCCESS\" > \"${SCRIPT_OUTPUT_FILE_0}\"\n";
			showEnvVarsInLog = 0;
		};
		96F218B5BFB923894E57ADEC /* [CP] Embed Pods Frameworks */ = {
			isa = PBXShellScriptBuildPhase;
			buildActionMask = 2147483647;
			files = (
			);
			inputFileListPaths = (
				"${PODS_ROOT}/Target Support Files/Pods-EHealth/Pods-EHealth-frameworks-${CONFIGURATION}-input-files.xcfilelist",
			);
			name = "[CP] Embed Pods Frameworks";
			outputFileListPaths = (
				"${PODS_ROOT}/Target Support Files/Pods-EHealth/Pods-EHealth-frameworks-${CONFIGURATION}-output-files.xcfilelist",
			);
			runOnlyForDeploymentPostprocessing = 0;
			shellPath = /bin/sh;
			shellScript = "\"${PODS_ROOT}/Target Support Files/Pods-EHealth/Pods-EHealth-frameworks.sh\"\n";
			showEnvVarsInLog = 0;
		};
/* End PBXShellScriptBuildPhase section */

/* Begin PBXSourcesBuildPhase section */
		FCA7041A2433651C000B4454 /* Sources */ = {
			isa = PBXSourcesBuildPhase;
			buildActionMask = 2147483647;
			files = (
				FCA7044C24336918000B4454 /* BaseUI.swift in Sources */,
				FCA704222433651C000B4454 /* AppDelegate.swift in Sources */,
				FCA7044624336651000B4454 /* LoginController.swift in Sources */,
				FCA7045F24337ECB000B4454 /* UIViewController+HideKeyboard.swift in Sources */,
				FCA704242433651C000B4454 /* SceneDelegate.swift in Sources */,
				FCA7046124338104000B4454 /* DoctorHomeController.swift in Sources */,
				FCA7045B2433719E000B4454 /* UnderlinedField.swift in Sources */,
				FCA7045D24337979000B4454 /* UIImage+Scale.swift in Sources */,
			);
			runOnlyForDeploymentPostprocessing = 0;
		};
		FCA7043024336520000B4454 /* Sources */ = {
			isa = PBXSourcesBuildPhase;
			buildActionMask = 2147483647;
			files = (
				FCA7043924336520000B4454 /* EHealthTests.swift in Sources */,
			);
			runOnlyForDeploymentPostprocessing = 0;
		};
/* End PBXSourcesBuildPhase section */

/* Begin PBXTargetDependency section */
		FCA7043624336520000B4454 /* PBXTargetDependency */ = {
			isa = PBXTargetDependency;
			target = FCA7041D2433651C000B4454 /* EHealth */;
			targetProxy = FCA7043524336520000B4454 /* PBXContainerItemProxy */;
		};
/* End PBXTargetDependency section */

/* Begin PBXVariantGroup section */
		FCA704272433651C000B4454 /* Main.storyboard */ = {
			isa = PBXVariantGroup;
			children = (
				FCA704282433651C000B4454 /* Base */,
			);
			name = Main.storyboard;
			sourceTree = "<group>";
		};
		FCA7042C24336520000B4454 /* LaunchScreen.storyboard */ = {
			isa = PBXVariantGroup;
			children = (
				FCA7042D24336520000B4454 /* Base */,
			);
			name = LaunchScreen.storyboard;
			sourceTree = "<group>";
		};
/* End PBXVariantGroup section */

/* Begin XCBuildConfiguration section */
		FCA7043B24336520000B4454 /* Debug */ = {
			isa = XCBuildConfiguration;
			buildSettings = {
				ALWAYS_SEARCH_USER_PATHS = NO;
				CLANG_ANALYZER_NONNULL = YES;
				CLANG_ANALYZER_NUMBER_OBJECT_CONVERSION = YES_AGGRESSIVE;
				CLANG_CXX_LANGUAGE_STANDARD = "gnu++14";
				CLANG_CXX_LIBRARY = "libc++";
				CLANG_ENABLE_MODULES = YES;
				CLANG_ENABLE_OBJC_ARC = YES;
				CLANG_ENABLE_OBJC_WEAK = YES;
				CLANG_WARN_BLOCK_CAPTURE_AUTORELEASING = YES;
				CLANG_WARN_BOOL_CONVERSION = YES;
				CLANG_WARN_COMMA = YES;
				CLANG_WARN_CONSTANT_CONVERSION = YES;
				CLANG_WARN_DEPRECATED_OBJC_IMPLEMENTATIONS = YES;
				CLANG_WARN_DIRECT_OBJC_ISA_USAGE = YES_ERROR;
				CLANG_WARN_DOCUMENTATION_COMMENTS = YES;
				CLANG_WARN_EMPTY_BODY = YES;
				CLANG_WARN_ENUM_CONVERSION = YES;
				CLANG_WARN_INFINITE_RECURSION = YES;
				CLANG_WARN_INT_CONVERSION = YES;
				CLANG_WARN_NON_LITERAL_NULL_CONVERSION = YES;
				CLANG_WARN_OBJC_IMPLICIT_RETAIN_SELF = YES;
				CLANG_WARN_OBJC_LITERAL_CONVERSION = YES;
				CLANG_WARN_OBJC_ROOT_CLASS = YES_ERROR;
				CLANG_WARN_RANGE_LOOP_ANALYSIS = YES;
				CLANG_WARN_STRICT_PROTOTYPES = YES;
				CLANG_WARN_SUSPICIOUS_MOVE = YES;
				CLANG_WARN_UNGUARDED_AVAILABILITY = YES_AGGRESSIVE;
				CLANG_WARN_UNREACHABLE_CODE = YES;
				CLANG_WARN__DUPLICATE_METHOD_MATCH = YES;
				COPY_PHASE_STRIP = NO;
				DEBUG_INFORMATION_FORMAT = dwarf;
				ENABLE_STRICT_OBJC_MSGSEND = YES;
				ENABLE_TESTABILITY = YES;
				GCC_C_LANGUAGE_STANDARD = gnu11;
				GCC_DYNAMIC_NO_PIC = NO;
				GCC_NO_COMMON_BLOCKS = YES;
				GCC_OPTIMIZATION_LEVEL = 0;
				GCC_PREPROCESSOR_DEFINITIONS = (
					"DEBUG=1",
					"$(inherited)",
				);
				GCC_WARN_64_TO_32_BIT_CONVERSION = YES;
				GCC_WARN_ABOUT_RETURN_TYPE = YES_ERROR;
				GCC_WARN_UNDECLARED_SELECTOR = YES;
				GCC_WARN_UNINITIALIZED_AUTOS = YES_AGGRESSIVE;
				GCC_WARN_UNUSED_FUNCTION = YES;
				GCC_WARN_UNUSED_VARIABLE = YES;
				IPHONEOS_DEPLOYMENT_TARGET = 13.2;
				MTL_ENABLE_DEBUG_INFO = INCLUDE_SOURCE;
				MTL_FAST_MATH = YES;
				ONLY_ACTIVE_ARCH = YES;
				SDKROOT = iphoneos;
				SWIFT_ACTIVE_COMPILATION_CONDITIONS = DEBUG;
				SWIFT_OPTIMIZATION_LEVEL = "-Onone";
			};
			name = Debug;
		};
		FCA7043C24336520000B4454 /* Release */ = {
			isa = XCBuildConfiguration;
			buildSettings = {
				ALWAYS_SEARCH_USER_PATHS = NO;
				CLANG_ANALYZER_NONNULL = YES;
				CLANG_ANALYZER_NUMBER_OBJECT_CONVERSION = YES_AGGRESSIVE;
				CLANG_CXX_LANGUAGE_STANDARD = "gnu++14";
				CLANG_CXX_LIBRARY = "libc++";
				CLANG_ENABLE_MODULES = YES;
				CLANG_ENABLE_OBJC_ARC = YES;
				CLANG_ENABLE_OBJC_WEAK = YES;
				CLANG_WARN_BLOCK_CAPTURE_AUTORELEASING = YES;
				CLANG_WARN_BOOL_CONVERSION = YES;
				CLANG_WARN_COMMA = YES;
				CLANG_WARN_CONSTANT_CONVERSION = YES;
				CLANG_WARN_DEPRECATED_OBJC_IMPLEMENTATIONS = YES;
				CLANG_WARN_DIRECT_OBJC_ISA_USAGE = YES_ERROR;
				CLANG_WARN_DOCUMENTATION_COMMENTS = YES;
				CLANG_WARN_EMPTY_BODY = YES;
				CLANG_WARN_ENUM_CONVERSION = YES;
				CLANG_WARN_INFINITE_RECURSION = YES;
				CLANG_WARN_INT_CONVERSION = YES;
				CLANG_WARN_NON_LITERAL_NULL_CONVERSION = YES;
				CLANG_WARN_OBJC_IMPLICIT_RETAIN_SELF = YES;
				CLANG_WARN_OBJC_LITERAL_CONVERSION = YES;
				CLANG_WARN_OBJC_ROOT_CLASS = YES_ERROR;
				CLANG_WARN_RANGE_LOOP_ANALYSIS = YES;
				CLANG_WARN_STRICT_PROTOTYPES = YES;
				CLANG_WARN_SUSPICIOUS_MOVE = YES;
				CLANG_WARN_UNGUARDED_AVAILABILITY = YES_AGGRESSIVE;
				CLANG_WARN_UNREACHABLE_CODE = YES;
				CLANG_WARN__DUPLICATE_METHOD_MATCH = YES;
				COPY_PHASE_STRIP = NO;
				DEBUG_INFORMATION_FORMAT = "dwarf-with-dsym";
				ENABLE_NS_ASSERTIONS = NO;
				ENABLE_STRICT_OBJC_MSGSEND = YES;
				GCC_C_LANGUAGE_STANDARD = gnu11;
				GCC_NO_COMMON_BLOCKS = YES;
				GCC_WARN_64_TO_32_BIT_CONVERSION = YES;
				GCC_WARN_ABOUT_RETURN_TYPE = YES_ERROR;
				GCC_WARN_UNDECLARED_SELECTOR = YES;
				GCC_WARN_UNINITIALIZED_AUTOS = YES_AGGRESSIVE;
				GCC_WARN_UNUSED_FUNCTION = YES;
				GCC_WARN_UNUSED_VARIABLE = YES;
				IPHONEOS_DEPLOYMENT_TARGET = 13.2;
				MTL_ENABLE_DEBUG_INFO = NO;
				MTL_FAST_MATH = YES;
				SDKROOT = iphoneos;
				SWIFT_COMPILATION_MODE = wholemodule;
				SWIFT_OPTIMIZATION_LEVEL = "-O";
				VALIDATE_PRODUCT = YES;
			};
			name = Release;
		};
		FCA7043E24336520000B4454 /* Debug */ = {
			isa = XCBuildConfiguration;
			baseConfigurationReference = 5B2A1F86FEDC07D409206421 /* Pods-EHealth.debug.xcconfig */;
			buildSettings = {
				ASSETCATALOG_COMPILER_APPICON_NAME = AppIcon;
				CODE_SIGN_STYLE = Automatic;
				DEVELOPMENT_TEAM = KCMZENG4AG;
				INFOPLIST_FILE = EHealth/Info.plist;
				IPHONEOS_DEPLOYMENT_TARGET = 13.0;
				LD_RUNPATH_SEARCH_PATHS = (
					"$(inherited)",
					"@executable_path/Frameworks",
				);
				PRODUCT_BUNDLE_IDENTIFIER = xyz.jonmclean.EHealth;
				PRODUCT_NAME = "$(TARGET_NAME)";
				SWIFT_VERSION = 5.0;
				TARGETED_DEVICE_FAMILY = 1;
			};
			name = Debug;
		};
		FCA7043F24336520000B4454 /* Release */ = {
			isa = XCBuildConfiguration;
			baseConfigurationReference = D9E7C4564FBA2C301E2E718E /* Pods-EHealth.release.xcconfig */;
			buildSettings = {
				ASSETCATALOG_COMPILER_APPICON_NAME = AppIcon;
				CODE_SIGN_STYLE = Automatic;
				DEVELOPMENT_TEAM = KCMZENG4AG;
				INFOPLIST_FILE = EHealth/Info.plist;
				IPHONEOS_DEPLOYMENT_TARGET = 13.0;
				LD_RUNPATH_SEARCH_PATHS = (
					"$(inherited)",
					"@executable_path/Frameworks",
				);
				PRODUCT_BUNDLE_IDENTIFIER = xyz.jonmclean.EHealth;
				PRODUCT_NAME = "$(TARGET_NAME)";
				SWIFT_VERSION = 5.0;
				TARGETED_DEVICE_FAMILY = 1;
			};
			name = Release;
		};
		FCA7044124336520000B4454 /* Debug */ = {
			isa = XCBuildConfiguration;
			baseConfigurationReference = DB4E2AF1F2E9E9FF95467F6C /* Pods-EHealthTests.debug.xcconfig */;
			buildSettings = {
				ALWAYS_EMBED_SWIFT_STANDARD_LIBRARIES = YES;
				BUNDLE_LOADER = "$(TEST_HOST)";
				CODE_SIGN_STYLE = Automatic;
				DEVELOPMENT_TEAM = KCMZENG4AG;
				INFOPLIST_FILE = EHealthTests/Info.plist;
				IPHONEOS_DEPLOYMENT_TARGET = 13.2;
				LD_RUNPATH_SEARCH_PATHS = (
					"$(inherited)",
					"@executable_path/Frameworks",
					"@loader_path/Frameworks",
				);
				PRODUCT_BUNDLE_IDENTIFIER = xyz.jonmclean.EHealthTests;
				PRODUCT_NAME = "$(TARGET_NAME)";
				SWIFT_VERSION = 5.0;
				TARGETED_DEVICE_FAMILY = "1,2";
				TEST_HOST = "$(BUILT_PRODUCTS_DIR)/EHealth.app/EHealth";
			};
			name = Debug;
		};
		FCA7044224336520000B4454 /* Release */ = {
			isa = XCBuildConfiguration;
			baseConfigurationReference = EC6470C94FE031EAC42D33E8 /* Pods-EHealthTests.release.xcconfig */;
			buildSettings = {
				ALWAYS_EMBED_SWIFT_STANDARD_LIBRARIES = YES;
				BUNDLE_LOADER = "$(TEST_HOST)";
				CODE_SIGN_STYLE = Automatic;
				DEVELOPMENT_TEAM = KCMZENG4AG;
				INFOPLIST_FILE = EHealthTests/Info.plist;
				IPHONEOS_DEPLOYMENT_TARGET = 13.2;
				LD_RUNPATH_SEARCH_PATHS = (
					"$(inherited)",
					"@executable_path/Frameworks",
					"@loader_path/Frameworks",
				);
				PRODUCT_BUNDLE_IDENTIFIER = xyz.jonmclean.EHealthTests;
				PRODUCT_NAME = "$(TARGET_NAME)";
				SWIFT_VERSION = 5.0;
				TARGETED_DEVICE_FAMILY = "1,2";
				TEST_HOST = "$(BUILT_PRODUCTS_DIR)/EHealth.app/EHealth";
			};
			name = Release;
		};
/* End XCBuildConfiguration section */

/* Begin XCConfigurationList section */
		FCA704192433651C000B4454 /* Build configuration list for PBXProject "EHealth" */ = {
			isa = XCConfigurationList;
			buildConfigurations = (
				FCA7043B24336520000B4454 /* Debug */,
				FCA7043C24336520000B4454 /* Release */,
			);
			defaultConfigurationIsVisible = 0;
			defaultConfigurationName = Release;
		};
		FCA7043D24336520000B4454 /* Build configuration list for PBXNativeTarget "EHealth" */ = {
			isa = XCConfigurationList;
			buildConfigurations = (
				FCA7043E24336520000B4454 /* Debug */,
				FCA7043F24336520000B4454 /* Release */,
			);
			defaultConfigurationIsVisible = 0;
			defaultConfigurationName = Release;
		};
		FCA7044024336520000B4454 /* Build configuration list for PBXNativeTarget "EHealthTests" */ = {
			isa = XCConfigurationList;
			buildConfigurations = (
				FCA7044124336520000B4454 /* Debug */,
				FCA7044224336520000B4454 /* Release */,
			);
			defaultConfigurationIsVisible = 0;
			defaultConfigurationName = Release;
		};
/* End XCConfigurationList section */
	};
	rootObject = FCA704162433651C000B4454 /* Project object */;
}
